
Microsoft Visual Studio Solution File, Format Version 12.00
# Visual Studio Version 17
VisualStudioVersion = 17.11.35312.102
MinimumVisualStudioVersion = 10.0.40219.1
Project("{FAE04EC0-301F-11D3-BF4B-00C04F79EFBC}") = "GraphVisualizer", "GraphVisualizer\GraphVisualizer.csproj", "{C69167B7-50B9-490F-85D7-9F72D5B8A25F}"
EndProject
Global
	GlobalSection(SolutionConfigurationPlatforms) = preSolution
		Debug|Any CPU = Debug|Any CPU
		Release|Any CPU = Release|Any CPU
	EndGlobalSection
	GlobalSection(ProjectConfigurationPlatforms) = postSolution
		{C69167B7-50B9-490F-85D7-9F72D5B8A25F}.Debug|Any CPU.ActiveCfg = Debug|Any CPU
		{C69167B7-50B9-490F-85D7-9F72D5B8A25F}.Debug|Any CPU.Build.0 = Debug|Any CPU
		{C69167B7-50B9-490F-85D7-9F72D5B8A25F}.Release|Any CPU.ActiveCfg = Release|Any CPU
		{C69167B7-50B9-490F-85D7-9F72D5B8A25F}.Release|Any CPU.Build.0 = Release|Any CPU
	EndGlobalSection
	GlobalSection(SolutionProperties) = preSolution
		HideSolutionNode = FALSE
	EndGlobalSection
	GlobalSection(ExtensibilityGlobals) = postSolution
		SolutionGuid = {E469E33E-4FAB-4D8F-9D20-F74E2A9BA6A8}
	EndGlobalSection
EndGlobal
